
Microsoft Visual Studio Solution File, Format Version 12.00
# Visual Studio Version 16
VisualStudioVersion = 16.0.34601.136
MinimumVisualStudioVersion = 10.0.40219.1
Project("{FAE04EC0-301F-11D3-BF4B-00C04F79EFBC}") = "herencia", "herencia.csproj", "{F08AB2B6-B560-474E-B10E-A39C605B631A}"
EndProject
Global
	GlobalSection(SolutionConfigurationPlatforms) = preSolution
		Debug|Any CPU = Debug|Any CPU
		Release|Any CPU = Release|Any CPU
	EndGlobalSection
	GlobalSection(ProjectConfigurationPlatforms) = postSolution
		{F08AB2B6-B560-474E-B10E-A39C605B631A}.Debug|Any CPU.ActiveCfg = Debug|Any CPU
		{F08AB2B6-B560-474E-B10E-A39C605B631A}.Debug|Any CPU.Build.0 = Debug|Any CPU
		{F08AB2B6-B560-474E-B10E-A39C605B631A}.Release|Any CPU.ActiveCfg = Release|Any CPU
		{F08AB2B6-B560-474E-B10E-A39C605B631A}.Release|Any CPU.Build.0 = Release|Any CPU
	EndGlobalSection
	GlobalSection(SolutionProperties) = preSolution
		HideSolutionNode = FALSE
	EndGlobalSection
	GlobalSection(ExtensibilityGlobals) = postSolution
		SolutionGuid = {9BB78104-6D40-4E79-9EA2-1994FFEA8E2F}
	EndGlobalSection
EndGlobal
